
Microsoft Visual Studio Solution File, Format Version 12.00
# Visual Studio Version 17
VisualStudioVersion = 17.0.31903.59
MinimumVisualStudioVersion = 10.0.40219.1
Project("{FAE04EC0-301F-11D3-BF4B-00C04F79EFBC}") = "practica 3", "practica 3\practica 3.csproj", "{F7E151D3-2008-46CD-9A45-B182BA1204FF}"
EndProject
Project("{FAE04EC0-301F-11D3-BF4B-00C04F79EFBC}") = "practica 5", "practica 5\practica 5.csproj", "{5C41802B-7699-42E9-B38F-76B9DE659856}"
EndProject
Project("{FAE04EC0-301F-11D3-BF4B-00C04F79EFBC}") = "practica 6", "practica 6\practica 6.csproj", "{5C733509-9E1F-4BD0-9101-58B7C3EC5F03}"
EndProject
Project("{FAE04EC0-301F-11D3-BF4B-00C04F79EFBC}") = "practica 9", "practica 9\practica 9.csproj", "{CB7ACC7B-151D-4F5C-81F2-0065B681646A}"
EndProject
Project("{FAE04EC0-301F-11D3-BF4B-00C04F79EFBC}") = "practica12", "practica12\practica12.csproj", "{9F86A25D-324A-4377-AA55-45A416096F1E}"
EndProject
Global
	GlobalSection(SolutionConfigurationPlatforms) = preSolution
		Debug|Any CPU = Debug|Any CPU
		Release|Any CPU = Release|Any CPU
	EndGlobalSection
	GlobalSection(SolutionProperties) = preSolution
		HideSolutionNode = FALSE
	EndGlobalSection
	GlobalSection(ProjectConfigurationPlatforms) = postSolution
		{F7E151D3-2008-46CD-9A45-B182BA1204FF}.Debug|Any CPU.ActiveCfg = Debug|Any CPU
		{F7E151D3-2008-46CD-9A45-B182BA1204FF}.Debug|Any CPU.Build.0 = Debug|Any CPU
		{F7E151D3-2008-46CD-9A45-B182BA1204FF}.Release|Any CPU.ActiveCfg = Release|Any CPU
		{F7E151D3-2008-46CD-9A45-B182BA1204FF}.Release|Any CPU.Build.0 = Release|Any CPU
		{5C41802B-7699-42E9-B38F-76B9DE659856}.Debug|Any CPU.ActiveCfg = Debug|Any CPU
		{5C41802B-7699-42E9-B38F-76B9DE659856}.Debug|Any CPU.Build.0 = Debug|Any CPU
		{5C41802B-7699-42E9-B38F-76B9DE659856}.Release|Any CPU.ActiveCfg = Release|Any CPU
		{5C41802B-7699-42E9-B38F-76B9DE659856}.Release|Any CPU.Build.0 = Release|Any CPU
		{5C733509-9E1F-4BD0-9101-58B7C3EC5F03}.Debug|Any CPU.ActiveCfg = Debug|Any CPU
		{5C733509-9E1F-4BD0-9101-58B7C3EC5F03}.Debug|Any CPU.Build.0 = Debug|Any CPU
		{5C733509-9E1F-4BD0-9101-58B7C3EC5F03}.Release|Any CPU.ActiveCfg = Release|Any CPU
		{5C733509-9E1F-4BD0-9101-58B7C3EC5F03}.Release|Any CPU.Build.0 = Release|Any CPU
		{CB7ACC7B-151D-4F5C-81F2-0065B681646A}.Debug|Any CPU.ActiveCfg = Debug|Any CPU
		{CB7ACC7B-151D-4F5C-81F2-0065B681646A}.Debug|Any CPU.Build.0 = Debug|Any CPU
		{CB7ACC7B-151D-4F5C-81F2-0065B681646A}.Release|Any CPU.ActiveCfg = Release|Any CPU
		{CB7ACC7B-151D-4F5C-81F2-0065B681646A}.Release|Any CPU.Build.0 = Release|Any CPU
		{9F86A25D-324A-4377-AA55-45A416096F1E}.Debug|Any CPU.ActiveCfg = Debug|Any CPU
		{9F86A25D-324A-4377-AA55-45A416096F1E}.Debug|Any CPU.Build.0 = Debug|Any CPU
		{9F86A25D-324A-4377-AA55-45A416096F1E}.Release|Any CPU.ActiveCfg = Release|Any CPU
		{9F86A25D-324A-4377-AA55-45A416096F1E}.Release|Any CPU.Build.0 = Release|Any CPU
	EndGlobalSection
EndGlobal
